
Microsoft Visual Studio Solution File, Format Version 12.00
# Visual Studio Version 18
VisualStudioVersion = 18.1.11304.174
MinimumVisualStudioVersion = 10.0.40219.1
Project("{2150E333-8FDC-42A3-9474-1A3956D46DE8}") = "Server", "Server", "{33F9445A-8267-41C3-83F8-0352F387C4D5}"
EndProject
Project("{FAE04EC0-301F-11D3-BF4B-00C04F79EFBC}") = "AuthServer", "Server\AuthServer\AuthServer.csproj", "{B285FA43-5097-48C9-84C0-0A6236C0DD53}"
EndProject
Project("{FAE04EC0-301F-11D3-BF4B-00C04F79EFBC}") = "PainelAdmin", "PainelAdmin\PainelAdmin.csproj", "{7E9FACE3-6614-4690-B9C0-AD5A8823154E}"
EndProject
Global
	GlobalSection(SolutionConfigurationPlatforms) = preSolution
		Debug|Any CPU = Debug|Any CPU
		Release|Any CPU = Release|Any CPU
	EndGlobalSection
	GlobalSection(ProjectConfigurationPlatforms) = postSolution
		{B285FA43-5097-48C9-84C0-0A6236C0DD53}.Debug|Any CPU.ActiveCfg = Debug|Any CPU
		{B285FA43-5097-48C9-84C0-0A6236C0DD53}.Debug|Any CPU.Build.0 = Debug|Any CPU
		{B285FA43-5097-48C9-84C0-0A6236C0DD53}.Release|Any CPU.ActiveCfg = Release|Any CPU
		{B285FA43-5097-48C9-84C0-0A6236C0DD53}.Release|Any CPU.Build.0 = Release|Any CPU
		{7E9FACE3-6614-4690-B9C0-AD5A8823154E}.Debug|Any CPU.ActiveCfg = Debug|Any CPU
		{7E9FACE3-6614-4690-B9C0-AD5A8823154E}.Debug|Any CPU.Build.0 = Debug|Any CPU
		{7E9FACE3-6614-4690-B9C0-AD5A8823154E}.Release|Any CPU.ActiveCfg = Release|Any CPU
		{7E9FACE3-6614-4690-B9C0-AD5A8823154E}.Release|Any CPU.Build.0 = Release|Any CPU
	EndGlobalSection
	GlobalSection(SolutionProperties) = preSolution
		HideSolutionNode = FALSE
	EndGlobalSection
	GlobalSection(NestedProjects) = preSolution
		{B285FA43-5097-48C9-84C0-0A6236C0DD53} = {33F9445A-8267-41C3-83F8-0352F387C4D5}
	EndGlobalSection
	GlobalSection(ExtensibilityGlobals) = postSolution
		SolutionGuid = {BC19A2C2-9850-41A1-B224-F406D7FA3070}
	EndGlobalSection
EndGlobal
